// !$*UTF8*$!
{
	archiveVersion = 1;
	classes = {
	};
	objectVersion = 46;
	objects = {

/* Begin PBXBuildFile section */
		9FEE96161CCB348E00D7D42A /* AppDelegate.swift in Sources */ = {isa = PBXBuildFile; fileRef = 9FEE96151CCB348E00D7D42A /* AppDelegate.swift */; };
		9FEE96181CCB348E00D7D42A /* ViewController.swift in Sources */ = {isa = PBXBuildFile; fileRef = 9FEE96171CCB348E00D7D42A /* ViewController.swift */; };
		9FEE961B1CCB348E00D7D42A /* Main.storyboard in Resources */ = {isa = PBXBuildFile; fileRef = 9FEE96191CCB348E00D7D42A /* Main.storyboard */; };
		9FEE961D1CCB348E00D7D42A /* Assets.xcassets in Resources */ = {isa = PBXBuildFile; fileRef = 9FEE961C1CCB348E00D7D42A /* Assets.xcassets */; };
		9FEE96201CCB348E00D7D42A /* LaunchScreen.storyboard in Resources */ = {isa = PBXBuildFile; fileRef = 9FEE961E1CCB348E00D7D42A /* LaunchScreen.storyboard */; };
/* End PBXBuildFile section */

/* Begin PBXFileReference section */
		9FEE96121CCB348E00D7D42A /* MyOwnApp.app */ = {isa = PBXFileReference; explicitFileType = wrapper.application; includeInIndex = 0; path = MyOwnApp.app; sourceTree = BUILT_PRODUCTS_DIR; };
		9FEE96151CCB348E00D7D42A /* AppDelegate.swift */ = {isa = PBXFileReference; lastKnownFileType = sourcecode.swift; path = AppDelegate.swift; sourceTree = "<group>"; };
		9FEE96171CCB348E00D7D42A /* ViewController.swift */ = {isa = PBXFileReference; lastKnownFileType = sourcecode.swift; path = ViewController.swift; sourceTree = "<group>"; };
		9FEE961A1CCB348E00D7D42A /* Base */ = {isa = PBXFileReference; lastKnownFileType = file.storyboard; name = Base; path = Base.lproj/Main.storyboard; sourceTree = "<group>"; };
		9FEE961C1CCB348E00D7D42A /* Assets.xcassets */ = {isa = PBXFileReference; lastKnownFileType = folder.assetcatalog; path = Assets.xcassets; sourceTree = "<group>"; };
		9FEE961F1CCB348E00D7D42A /* Base */ = {isa = PBXFileReference; lastKnownFileType = file.storyboard; name = Base; path = Base.lproj/LaunchScreen.storyboard; sourceTree = "<group>"; };
		9FEE96211CCB348E00D7D42A /* Info.plist */ = {isa = PBXFileReference; lastKnownFileType = text.plist.xml; path = Info.plist; sourceTree = "<group>"; };
/* End PBXFileReference section */

/* Begin PBXFrameworksBuildPhase section */
		9FEE960F1CCB348E00D7D42A /* Frameworks */ = {
			isa = PBXFrameworksBuildPhase;
			buildActionMask = 2147483647;
			files = (
			);
			runOnlyForDeploymentPostprocessing = 0;
		};
/* End PBXFrameworksBuildPhase section */

/* Begin PBXGroup section */
		9FEE96091CCB348E00D7D42A = {
			isa = PBXGroup;
			children = (
				9FEE96141CCB348E00D7D42A /* MyOwnApp */,
				9FEE96131CCB348E00D7D42A /* Products */,
			);
			sourceTree = "<group>";
		};
		9FEE96131CCB348E00D7D42A /* Products */ = {
			isa = PBXGroup;
			children = (
				9FEE96121CCB348E00D7D42A /* MyOwnApp.app */,
			);
			name = Products;
			sourceTree = "<group>";
		};
		9FEE96141CCB348E00D7D42A /* MyOwnApp */ = {
			isa = PBXGroup;
			children = (
				9FEE96151CCB348E00D7D42A /* AppDelegate.swift */,
				9FEE96171CCB348E00D7D42A /* ViewController.swift */,
				9FEE96191CCB348E00D7D42A /* Main.storyboard */,
				9FEE961C1CCB348E00D7D42A /* Assets.xcassets */,
				9FEE961E1CCB348E00D7D42A /* LaunchScreen.storyboard */,
				9FEE96211CCB348E00D7D42A /* Info.plist */,
			);
			path = MyOwnApp;
			sourceTree = "<group>";
		};
/* End PBXGroup section */

/* Begin PBXNativeTarget section */
		9FEE96111CCB348E00D7D42A /* MyOwnApp */ = {
			isa = PBXNativeTarget;
			buildConfigurationList = 9FEE96241CCB348E00D7D42A /* Build configuration list for PBXNativeTarget "MyOwnApp" */;
			buildPhases = (
				9FEE960E1CCB348E00D7D42A /* Sources */,
				9FEE960F1CCB348E00D7D42A /* Frameworks */,
				9FEE96101CCB348E00D7D42A /* Resources */,
			);
			buildRules = (
			);
			dependencies = (
			);
			name = MyOwnApp;
			productName = MyOwnApp;
			productReference = 9FEE96121CCB348E00D7D42A /* MyOwnApp.app */;
			productType = "com.apple.product-type.application";
		};
/* End PBXNativeTarget section */

/* Begin PBXProject section */
		9FEE960A1CCB348E00D7D42A /* Project object */ = {
			isa = PBXProject;
			attributes = {
				LastSwiftUpdateCheck = 0730;
				LastUpgradeCheck = 0730;
				ORGANIZATIONNAME = Epic;
				TargetAttributes = {
					9FEE96111CCB348E00D7D42A = {
						CreatedOnToolsVersion = 7.3.1;
					};
				};
			};
			buildConfigurationList = 9FEE960D1CCB348E00D7D42A /* Build configuration list for PBXProject "MyOwnApp" */;
			compatibilityVersion = "Xcode 3.2";
			developmentRegion = English;
			hasScannedForEncodings = 0;
			knownRegions = (
				en,
				Base,
			);
			mainGroup = 9FEE96091CCB348E00D7D42A;
			productRefGroup = 9FEE96131CCB348E00D7D42A /* Products */;
			projectDirPath = "";
			projectRoot = "";
			targets = (
				9FEE96111CCB348E00D7D42A /* MyOwnApp */,
			);
		};
/* End PBXProject section */

/* Begin PBXResourcesBuildPhase section */
		9FEE96101CCB348E00D7D42A /* Resources */ = {
			isa = PBXResourcesBuildPhase;
			buildActionMask = 2147483647;
			files = (
				9FEE96201CCB348E00D7D42A /* LaunchScreen.storyboard in Resources */,
				9FEE961D1CCB348E00D7D42A /* Assets.xcassets in Resources */,
				9FEE961B1CCB348E00D7D42A /* Main.storyboard in Resources */,
			);
			runOnlyForDeploymentPostprocessing = 0;
		};
/* End PBXResourcesBuildPhase section */

/* Begin PBXSourcesBuildPhase section */
		9FEE960E1CCB348E00D7D42A /* Sources */ = {
			isa = PBXSourcesBuildPhase;
			buildActionMask = 2147483647;
			files = (
				9FEE96181CCB348E00D7D42A /* ViewController.swift in Sources */,
				9FEE96161CCB348E00D7D42A /* AppDelegate.swift in Sources */,
			);
			runOnlyForDeploymentPostprocessing = 0;
		};
/* End PBXSourcesBuildPhase section */

/* Begin PBXVariantGroup section */
		9FEE96191CCB348E00D7D42A /* Main.storyboard */ = {
			isa = PBXVariantGroup;
			children = (
				9FEE961A1CCB348E00D7D42A /* Base */,
			);
			name = Main.storyboard;
			sourceTree = "<group>";
		};
		9FEE961E1CCB348E00D7D42A /* LaunchScreen.storyboard */ = {
			isa = PBXVariantGroup;
			children = (
				9FEE961F1CCB348E00D7D42A /* Base */,
			);
			name = LaunchScreen.storyboard;
			sourceTree = "<group>";
		};
/* End PBXVariantGroup section */

/* Begin XCBuildConfiguration section */
		9FEE96221CCB348E00D7D42A /* Debug */ = {
			isa = XCBuildConfiguration;
			buildSettings = {
				ALWAYS_SEARCH_USER_PATHS = NO;
				CLANG_ANALYZER_NONNULL = YES;
				CLANG_CXX_LANGUAGE_STANDARD = "gnu++0x";
				CLANG_CXX_LIBRARY = "libc++";
				CLANG_ENABLE_MODULES = YES;
				CLANG_ENABLE_OBJC_ARC = YES;
				CLANG_WARN_BOOL_CONVERSION = YES;
				CLANG_WARN_CONSTANT_CONVERSION = YES;
				CLANG_WARN_DIRECT_OBJC_ISA_USAGE = YES_ERROR;
				CLANG_WARN_EMPTY_BODY = YES;
				CLANG_WARN_ENUM_CONVERSION = YES;
				CLANG_WARN_INT_CONVERSION = YES;
				CLANG_WARN_OBJC_ROOT_CLASS = YES_ERROR;
				CLANG_WARN_UNREACHABLE_CODE = YES;
				CLANG_WARN__DUPLICATE_METHOD_MATCH = YES;
				"CODE_SIGN_IDENTITY[sdk=iphoneos*]" = "iPhone Developer";
				COPY_PHASE_STRIP = NO;
				DEBUG_INFORMATION_FORMAT = dwarf;
				ENABLE_STRICT_OBJC_MSGSEND = YES;
				ENABLE_TESTABILITY = YES;
				GCC_C_LANGUAGE_STANDARD = gnu99;
				GCC_DYNAMIC_NO_PIC = NO;
				GCC_NO_COMMON_BLOCKS = YES;
				GCC_OPTIMIZATION_LEVEL = 0;
				GCC_PREPROCESSOR_DEFINITIONS = (
					"DEBUG=1",
					"$(inherited)",
				);
				GCC_WARN_64_TO_32_BIT_CONVERSION = YES;
				GCC_WARN_ABOUT_RETURN_TYPE = YES_ERROR;
				GCC_WARN_UNDECLARED_SELECTOR = YES;
				GCC_WARN_UNINITIALIZED_AUTOS = YES_AGGRESSIVE;
				GCC_WARN_UNUSED_FUNCTION = YES;
				GCC_WARN_UNUSED_VARIABLE = YES;
				IPHONEOS_DEPLOYMENT_TARGET = 9.3;
				MTL_ENABLE_DEBUG_INFO = YES;
				ONLY_ACTIVE_ARCH = YES;
				SDKROOT = iphoneos;
				SWIFT_OPTIMIZATION_LEVEL = "-Onone";
			};
			name = Debug;
		};
		9FEE96231CCB348E00D7D42A /* Release */ = {
			isa = XCBuildConfiguration;
			buildSettings = {
				ALWAYS_SEARCH_USER_PATHS = NO;
				CLANG_ANALYZER_NONNULL = YES;
				CLANG_CXX_LANGUAGE_STANDARD = "gnu++0x";
				CLANG_CXX_LIBRARY = "libc++";
				CLANG_ENABLE_MODULES = YES;
				CLANG_ENABLE_OBJC_ARC = YES;
				CLANG_WARN_BOOL_CONVERSION = YES;
				CLANG_WARN_CONSTANT_CONVERSION = YES;
				CLANG_WARN_DIRECT_OBJC_ISA_USAGE = YES_ERROR;
				CLANG_WARN_EMPTY_BODY = YES;
				CLANG_WARN_ENUM_CONVERSION = YES;
				CLANG_WARN_INT_CONVERSION = YES;
				CLANG_WARN_OBJC_ROOT_CLASS = YES_ERROR;
				CLANG_WARN_UNREACHABLE_CODE = YES;
				CLANG_WARN__DUPLICATE_METHOD_MATCH = YES;
				"CODE_SIGN_IDENTITY[sdk=iphoneos*]" = "iPhone Developer";
				COPY_PHASE_STRIP = NO;
				DEBUG_INFORMATION_FORMAT = "dwarf-with-dsym";
				ENABLE_NS_ASSERTIONS = NO;
				ENABLE_STRICT_OBJC_MSGSEND = YES;
				GCC_C_LANGUAGE_STANDARD = gnu99;
				GCC_NO_COMMON_BLOCKS = YES;
				GCC_WARN_64_TO_32_BIT_CONVERSION = YES;
				GCC_WARN_ABOUT_RETURN_TYPE = YES_ERROR;
				GCC_WARN_UNDECLARED_SELECTOR = YES;
				GCC_WARN_UNINITIALIZED_AUTOS = YES_AGGRESSIVE;
				GCC_WARN_UNUSED_FUNCTION = YES;
				GCC_WARN_UNUSED_VARIABLE = YES;
				IPHONEOS_DEPLOYMENT_TARGET = 9.3;
				MTL_ENABLE_DEBUG_INFO = NO;
				SDKROOT = iphoneos;
				VALIDATE_PRODUCT = YES;
			};
			name = Release;
		};
		9FEE96251CCB348E00D7D42A /* Debug */ = {
			isa = XCBuildConfiguration;
			buildSettings = {
				ASSETCATALOG_COMPILER_APPICON_NAME = AppIcon;
				INFOPLIST_FILE = MyOwnApp/Info.plist;
				LD_RUNPATH_SEARCH_PATHS = "$(inherited) @executable_path/Frameworks";
				PRODUCT_BUNDLE_IDENTIFIER = com.MyOwnApp;
				PRODUCT_NAME = "$(TARGET_NAME)";
			};
			name = Debug;
		};
		9FEE96261CCB348E00D7D42A /* Release */ = {
			isa = XCBuildConfiguration;
			buildSettings = {
				ASSETCATALOG_COMPILER_APPICON_NAME = AppIcon;
				INFOPLIST_FILE = MyOwnApp/Info.plist;
				LD_RUNPATH_SEARCH_PATHS = "$(inherited) @executable_path/Frameworks";
				PRODUCT_BUNDLE_IDENTIFIER = com.MyOwnApp;
				PRODUCT_NAME = "$(TARGET_NAME)";
			};
			name = Release;
		};
/* End XCBuildConfiguration section */

/* Begin XCConfigurationList section */
		9FEE960D1CCB348E00D7D42A /* Build configuration list for PBXProject "MyOwnApp" */ = {
			isa = XCConfigurationList;
			buildConfigurations = (
				9FEE96221CCB348E00D7D42A /* Debug */,
				9FEE96231CCB348E00D7D42A /* Release */,
			);
			defaultConfigurationIsVisible = 0;
			defaultConfigurationName = Release;
		};
		9FEE96241CCB348E00D7D42A /* Build configuration list for PBXNativeTarget "MyOwnApp" */ = {
			isa = XCConfigurationList;
			buildConfigurations = (
				9FEE96251CCB348E00D7D42A /* Debug */,
				9FEE96261CCB348E00D7D42A /* Release */,
			);
			defaultConfigurationIsVisible = 0;
			defaultConfigurationName = Release;
		};
/* End XCConfigurationList section */
	};
	rootObject = 9FEE960A1CCB348E00D7D42A /* Project object */;
}
